
Microsoft Visual Studio Solution File, Format Version 12.00
# Visual Studio Version 16
VisualStudioVersion = 16.0.31229.75
MinimumVisualStudioVersion = 10.0.40219.1
Project("{FAE04EC0-301F-11D3-BF4B-00C04F79EFBC}") = "MulticellAutoEvo", "MulticellAutoEvo\MulticellAutoEvo.csproj", "{6D151C19-695A-42F1-BC03-D5E04FAC9610}"
EndProject
Global
	GlobalSection(SolutionConfigurationPlatforms) = preSolution
		Debug|Any CPU = Debug|Any CPU
		Release|Any CPU = Release|Any CPU
	EndGlobalSection
	GlobalSection(ProjectConfigurationPlatforms) = postSolution
		{6D151C19-695A-42F1-BC03-D5E04FAC9610}.Debug|Any CPU.ActiveCfg = Debug|Any CPU
		{6D151C19-695A-42F1-BC03-D5E04FAC9610}.Debug|Any CPU.Build.0 = Debug|Any CPU
		{6D151C19-695A-42F1-BC03-D5E04FAC9610}.Release|Any CPU.ActiveCfg = Release|Any CPU
		{6D151C19-695A-42F1-BC03-D5E04FAC9610}.Release|Any CPU.Build.0 = Release|Any CPU
	EndGlobalSection
	GlobalSection(SolutionProperties) = preSolution
		HideSolutionNode = FALSE
	EndGlobalSection
	GlobalSection(ExtensibilityGlobals) = postSolution
		SolutionGuid = {3A17A416-E7A9-456A-B612-B408F2473DE6}
	EndGlobalSection
EndGlobal
